
Microsoft Visual Studio Solution File, Format Version 12.00
# Visual Studio 15
VisualStudioVersion = 15.0.28307.489
MinimumVisualStudioVersion = 10.0.40219.1
Project("{9A19103F-16F7-4668-BE54-9A1E7A4F7556}") = "PR.Api", "PR.Api\PR.Api.csproj", "{130C9AA8-78C5-4E56-A772-EA333F844377}"
EndProject
Project("{9A19103F-16F7-4668-BE54-9A1E7A4F7556}") = "PR.Business", "PR.Business\PR.Business.csproj", "{3ACD7646-30B4-4EB6-9E1F-634E3A973826}"
EndProject
Project("{9A19103F-16F7-4668-BE54-9A1E7A4F7556}") = "PR.Data", "PR.Data\PR.Data.csproj", "{2F0DD145-BFC8-45FE-8071-BDDEB7D9D193}"
EndProject
Project("{9A19103F-16F7-4668-BE54-9A1E7A4F7556}") = "PR.Models", "PR.Models\PR.Models.csproj", "{7ABE0B98-6FFD-4CA7-A488-5E162AEFE26C}"
EndProject
Project("{9A19103F-16F7-4668-BE54-9A1E7A4F7556}") = "PR.Constants", "PR.Constants\PR.Constants.csproj", "{A3762512-FFA9-4D4D-8F48-90A0C38779C3}"
EndProject
Project("{FAE04EC0-301F-11D3-BF4B-00C04F79EFBC}") = "PR.Export", "PR.Export\PR.Export.csproj", "{EE33114A-9648-4A25-AF24-BD932E4B2DA0}"
EndProject
Project("{2150E333-8FDC-42A3-9474-1A3956D46DE8}") = "Tests", "Tests", "{8CD82459-838A-4D44-879F-031E6E510394}"
EndProject
Project("{FAE04EC0-301F-11D3-BF4B-00C04F79EFBC}") = "PR.Export.Tests", "PR.Export.Tests\PR.Export.Tests.csproj", "{9C0C58E8-3A48-43B7-9DC1-D5E448FDB406}"
EndProject
Global
	GlobalSection(SolutionConfigurationPlatforms) = preSolution
		Debug|Any CPU = Debug|Any CPU
		Release|Any CPU = Release|Any CPU
	EndGlobalSection
	GlobalSection(ProjectConfigurationPlatforms) = postSolution
		{130C9AA8-78C5-4E56-A772-EA333F844377}.Debug|Any CPU.ActiveCfg = Debug|Any CPU
		{130C9AA8-78C5-4E56-A772-EA333F844377}.Debug|Any CPU.Build.0 = Debug|Any CPU
		{130C9AA8-78C5-4E56-A772-EA333F844377}.Release|Any CPU.ActiveCfg = Release|Any CPU
		{130C9AA8-78C5-4E56-A772-EA333F844377}.Release|Any CPU.Build.0 = Release|Any CPU
		{3ACD7646-30B4-4EB6-9E1F-634E3A973826}.Debug|Any CPU.ActiveCfg = Debug|Any CPU
		{3ACD7646-30B4-4EB6-9E1F-634E3A973826}.Debug|Any CPU.Build.0 = Debug|Any CPU
		{3ACD7646-30B4-4EB6-9E1F-634E3A973826}.Release|Any CPU.ActiveCfg = Release|Any CPU
		{3ACD7646-30B4-4EB6-9E1F-634E3A973826}.Release|Any CPU.Build.0 = Release|Any CPU
		{2F0DD145-BFC8-45FE-8071-BDDEB7D9D193}.Debug|Any CPU.ActiveCfg = Debug|Any CPU
		{2F0DD145-BFC8-45FE-8071-BDDEB7D9D193}.Debug|Any CPU.Build.0 = Debug|Any CPU
		{2F0DD145-BFC8-45FE-8071-BDDEB7D9D193}.Release|Any CPU.ActiveCfg = Release|Any CPU
		{2F0DD145-BFC8-45FE-8071-BDDEB7D9D193}.Release|Any CPU.Build.0 = Release|Any CPU
		{7ABE0B98-6FFD-4CA7-A488-5E162AEFE26C}.Debug|Any CPU.ActiveCfg = Debug|Any CPU
		{7ABE0B98-6FFD-4CA7-A488-5E162AEFE26C}.Debug|Any CPU.Build.0 = Debug|Any CPU
		{7ABE0B98-6FFD-4CA7-A488-5E162AEFE26C}.Release|Any CPU.ActiveCfg = Release|Any CPU
		{7ABE0B98-6FFD-4CA7-A488-5E162AEFE26C}.Release|Any CPU.Build.0 = Release|Any CPU
		{A3762512-FFA9-4D4D-8F48-90A0C38779C3}.Debug|Any CPU.ActiveCfg = Debug|Any CPU
		{A3762512-FFA9-4D4D-8F48-90A0C38779C3}.Debug|Any CPU.Build.0 = Debug|Any CPU
		{A3762512-FFA9-4D4D-8F48-90A0C38779C3}.Release|Any CPU.ActiveCfg = Release|Any CPU
		{A3762512-FFA9-4D4D-8F48-90A0C38779C3}.Release|Any CPU.Build.0 = Release|Any CPU
		{EE33114A-9648-4A25-AF24-BD932E4B2DA0}.Debug|Any CPU.ActiveCfg = Debug|Any CPU
		{EE33114A-9648-4A25-AF24-BD932E4B2DA0}.Debug|Any CPU.Build.0 = Debug|Any CPU
		{EE33114A-9648-4A25-AF24-BD932E4B2DA0}.Release|Any CPU.ActiveCfg = Release|Any CPU
		{EE33114A-9648-4A25-AF24-BD932E4B2DA0}.Release|Any CPU.Build.0 = Release|Any CPU
		{9C0C58E8-3A48-43B7-9DC1-D5E448FDB406}.Debug|Any CPU.ActiveCfg = Debug|Any CPU
		{9C0C58E8-3A48-43B7-9DC1-D5E448FDB406}.Debug|Any CPU.Build.0 = Debug|Any CPU
		{9C0C58E8-3A48-43B7-9DC1-D5E448FDB406}.Release|Any CPU.ActiveCfg = Release|Any CPU
		{9C0C58E8-3A48-43B7-9DC1-D5E448FDB406}.Release|Any CPU.Build.0 = Release|Any CPU
	EndGlobalSection
	GlobalSection(SolutionProperties) = preSolution
		HideSolutionNode = FALSE
	EndGlobalSection
	GlobalSection(NestedProjects) = preSolution
		{9C0C58E8-3A48-43B7-9DC1-D5E448FDB406} = {8CD82459-838A-4D44-879F-031E6E510394}
	EndGlobalSection
	GlobalSection(ExtensibilityGlobals) = postSolution
		SolutionGuid = {87A3358D-7331-4342-AC0D-E2DB0878B30B}
	EndGlobalSection
EndGlobal
